<?xml version="1.0" encoding="utf-8"?>
<Project ToolsVersion="4.0" xmlns="http://schemas.microsoft.com/developer/msbuild/2003">
  <ItemGroup>
    <Filter Include="Editor">
      <UniqueIdentifier>{a59154ec-e1f1-44f5-af8d-e496b1e0002a}</UniqueIdentifier>
    </Filter>
    <Filter Include="Editor\Uitilities">
      <UniqueIdentifier>{2599e79e-e72f-467f-9bad-360777efc635}</UniqueIdentifier>
    </Filter>
    <Filter Include="Editor\Uitilities\DebugConsole">
      <UniqueIdentifier>{2cb60eb7-2cfc-471e-ac73-4adfe0fde454}</UniqueIdentifier>
    </Filter>
    <Filter Include="Editor\Uitilities\DebugConsole\Command List">
      <UniqueIdentifier>{87b1e489-d383-4a67-be85-e3089a4814cd}</UniqueIdentifier>
    </Filter>
    <Filter Include="Editor\Uitilities\Monitor">
      <UniqueIdentifier>{45b606b3-edd5-42c0-8830-986ecbb5a5d4}</UniqueIdentifier>
    </Filter>
    <Filter Include="Editor\Screens">
      <UniqueIdentifier>{2afb89d5-fd04-4833-a6c3-89691ce52b3c}</UniqueIdentifier>
    </Filter>
    <Filter Include="Editor\Screens\ChapterEditor">
      <UniqueIdentifier>{e1bbb7a0-3b37-41fe-b76b-f454203c15b1}</UniqueIdentifier>
    </Filter>
    <Filter Include="Editor\Screens\Start Screen">
      <UniqueIdentifier>{ceb0d665-bfcc-40bc-ac9f-52dcb5cddb93}</UniqueIdentifier>
    </Filter>
    <Filter Include="Editor\Screens\Events UI">
      <UniqueIdentifier>{375e50c0-f61a-402c-9320-a59d3c5b24e6}</UniqueIdentifier>
    </Filter>
    <Filter Include="Editor\Uitilities\UI Setup">
      <UniqueIdentifier>{bf83b9e8-2b66-4784-a15a-99953c0e579c}</UniqueIdentifier>
    </Filter>
    <Filter Include="Editor\Uitilities\UI Manager">
      <UniqueIdentifier>{b0689b43-5b8f-4231-8bfd-65f6facf5e65}</UniqueIdentifier>
    </Filter>
    <Filter Include="Editor\Uitilities\MenuBar">
      <UniqueIdentifier>{4613d1df-6a34-4912-b442-627e14c31a47}</UniqueIdentifier>
    </Filter>
    <Filter Include="Editor\Uitilities\MenuBar\ButtonIdentifier">
      <UniqueIdentifier>{0202954c-53f4-4a19-80a8-db105e95f671}</UniqueIdentifier>
    </Filter>
    <Filter Include="Editor\Dependencies">
      <UniqueIdentifier>{39a38aab-e120-482c-a584-e6d895905ead}</UniqueIdentifier>
    </Filter>
    <Filter Include="Editor\Dependencies\Imgui">
      <UniqueIdentifier>{219a320f-7151-471e-a0b5-3f139f7aad34}</UniqueIdentifier>
    </Filter>
    <Filter Include="Editor\Resource Files">
      <UniqueIdentifier>{67DA6AB6-F800-4c08-8B7A-83BB121AAD01}</UniqueIdentifier>
      <Extensions>rc;ico;cur;bmp;dlg;rc2;rct;bin;rgs;gif;jpg;jpeg;jpe;resx;tiff;tif;png;wav;mfcribbon-ms</Extensions>
    </Filter>
    <Filter Include="Editor\Main">
      <UniqueIdentifier>{2182e0b3-148f-4b0e-9ce3-58b7a1b59899}</UniqueIdentifier>
    </Filter>
  </ItemGroup>
  <ItemGroup>
    <ClCompile Include="imgui.cpp">
      <Filter>Editor\Dependencies\Imgui</Filter>
    </ClCompile>
    <ClCompile Include="imgui_demo.cpp">
      <Filter>Editor\Dependencies\Imgui</Filter>
    </ClCompile>
    <ClCompile Include="imgui_draw.cpp">
      <Filter>Editor\Dependencies\Imgui</Filter>
    </ClCompile>
    <ClCompile Include="imgui_impl_glfw.cpp">
      <Filter>Editor\Dependencies\Imgui</Filter>
    </ClCompile>
    <ClCompile Include="imgui_impl_opengl3.cpp">
      <Filter>Editor\Dependencies\Imgui</Filter>
    </ClCompile>
    <ClCompile Include="imgui_tables.cpp">
      <Filter>Editor\Dependencies\Imgui</Filter>
    </ClCompile>
    <ClCompile Include="imgui_widgets.cpp">
      <Filter>Editor\Dependencies\Imgui</Filter>
    </ClCompile>
    <ClCompile Include="EventsUI.cpp">
      <Filter>Editor\Screens\Events UI</Filter>
    </ClCompile>
    <ClCompile Include="MenuBar.cpp">
      <Filter>Editor\Uitilities\MenuBar</Filter>
    </ClCompile>
    <ClCompile Include="UIManager.cpp">
      <Filter>Editor\Uitilities\UI Manager</Filter>
    </ClCompile>
    <ClCompile Include="StartupScreen.cpp">
      <Filter>Editor\Screens\Start Screen</Filter>
    </ClCompile>
    <ClCompile Include="Console.cpp">
      <Filter>Editor\Uitilities\DebugConsole</Filter>
    </ClCompile>
    <ClCompile Include="CmdList.cpp">
      <Filter>Editor\Uitilities\DebugConsole\Command List</Filter>
    </ClCompile>
    <ClCompile Include="AdventureEngine.cpp">
      <Filter>Editor\Main</Filter>
    </ClCompile>
    <ClCompile Include="MonitorInfo.cpp">
      <Filter>Editor\Uitilities\Monitor</Filter>
    </ClCompile>
    <ClCompile Include="ChapterEditor.cpp">
      <Filter>Editor\Screens\ChapterEditor</Filter>
    </ClCompile>
    <ClCompile Include="Application.cpp">
      <Filter>Editor\Main</Filter>
    </ClCompile>
  </ItemGroup>
  <ItemGroup>
    <ClInclude Include="imconfig.h">
      <Filter>Editor\Dependencies\Imgui</Filter>
    </ClInclude>
    <ClInclude Include="imgui.h">
      <Filter>Editor\Dependencies\Imgui</Filter>
    </ClInclude>
    <ClInclude Include="imgui_impl_glfw.h">
      <Filter>Editor\Dependencies\Imgui</Filter>
    </ClInclude>
    <ClInclude Include="imgui_impl_opengl3.h">
      <Filter>Editor\Dependencies\Imgui</Filter>
    </ClInclude>
    <ClInclude Include="imgui_impl_opengl3_loader.h">
      <Filter>Editor\Dependencies\Imgui</Filter>
    </ClInclude>
    <ClInclude Include="imgui_internal.h">
      <Filter>Editor\Dependencies\Imgui</Filter>
    </ClInclude>
    <ClInclude Include="EventsUI.h">
      <Filter>Editor\Screens\Events UI</Filter>
    </ClInclude>
    <ClInclude Include="MenuBar.h">
      <Filter>Editor\Uitilities\MenuBar</Filter>
    </ClInclude>
    <ClInclude Include="UIManager.h">
      <Filter>Editor\Uitilities\UI Manager</Filter>
    </ClInclude>
    <ClInclude Include="UIScenes.h">
      <Filter>Editor\Uitilities\UI Manager</Filter>
    </ClInclude>
    <ClInclude Include="UISetup.h">
      <Filter>Editor\Uitilities\UI Setup</Filter>
    </ClInclude>
    <ClInclude Include="UserInterface.h">
      <Filter>Editor\Uitilities\UI Setup</Filter>
    </ClInclude>
    <ClInclude Include="ButtonID.h">
      <Filter>Editor\Uitilities\MenuBar\ButtonIdentifier</Filter>
    </ClInclude>
    <ClInclude Include="StartupScreen.h">
      <Filter>Editor\Screens\Start Screen</Filter>
    </ClInclude>
    <ClInclude Include="Console.h">
      <Filter>Editor\Uitilities\DebugConsole</Filter>
    </ClInclude>
    <ClInclude Include="CmdList.h">
      <Filter>Editor\Uitilities\DebugConsole\Command List</Filter>
    </ClInclude>
    <ClInclude Include="MonitorInfo.h">
      <Filter>Editor\Uitilities\Monitor</Filter>
    </ClInclude>
    <ClInclude Include="ImGuiSetup.h">
      <Filter>Editor\Dependencies\Imgui</Filter>
    </ClInclude>
    <ClInclude Include="ChapterEditor.h">
      <Filter>Editor\Screens\ChapterEditor</Filter>
    </ClInclude>
    <ClInclude Include="Application.h">
      <Filter>Editor\Main</Filter>
    </ClInclude>
  </ItemGroup>
  <ItemGroup>
    <None Include="imgui.ini">
      <Filter>Editor\Dependencies\Imgui</Filter>
    </None>
  </ItemGroup>
  <ItemGroup>
    <Image Include="Logo.png">
      <Filter>Editor\Resource Files</Filter>
    </Image>
  </ItemGroup>
  <ItemGroup>
    <ResourceCompile Include="icon.rc">
      <Filter>Editor\Resource Files</Filter>
    </ResourceCompile>
  </ItemGroup>
  <ItemGroup>
    <Text Include="README.txt" />
  </ItemGroup>
</Project>